
Microsoft Visual Studio Solution File, Format Version 12.00
# Visual Studio 15
VisualStudioVersion = 15.0.27428.2043
MinimumVisualStudioVersion = 10.0.40219.1
Project("{FAE04EC0-301F-11D3-BF4B-00C04F79EFBC}") = "SimpleGA", "SimpleGA\SimpleGA.csproj", "{BE11F5AA-9C09-46FE-8B9D-1AB819F13DDE}"
EndProject
Global
	GlobalSection(SolutionConfigurationPlatforms) = preSolution
		Debug|Any CPU = Debug|Any CPU
		Release|Any CPU = Release|Any CPU
	EndGlobalSection
	GlobalSection(ProjectConfigurationPlatforms) = postSolution
		{BE11F5AA-9C09-46FE-8B9D-1AB819F13DDE}.Debug|Any CPU.ActiveCfg = Debug|Any CPU
		{BE11F5AA-9C09-46FE-8B9D-1AB819F13DDE}.Debug|Any CPU.Build.0 = Debug|Any CPU
		{BE11F5AA-9C09-46FE-8B9D-1AB819F13DDE}.Release|Any CPU.ActiveCfg = Release|Any CPU
		{BE11F5AA-9C09-46FE-8B9D-1AB819F13DDE}.Release|Any CPU.Build.0 = Release|Any CPU
	EndGlobalSection
	GlobalSection(SolutionProperties) = preSolution
		HideSolutionNode = FALSE
	EndGlobalSection
	GlobalSection(ExtensibilityGlobals) = postSolution
		SolutionGuid = {11977F86-FED4-48D3-8E1B-CB4D848033D9}
	EndGlobalSection
EndGlobal
